
Microsoft Visual Studio Solution File, Format Version 12.00
# Visual Studio Version 16
VisualStudioVersion = 16.0.31025.194
MinimumVisualStudioVersion = 10.0.40219.1
Project("{FAE04EC0-301F-11D3-BF4B-00C04F79EFBC}") = "ProjectTest", "ProjectTest\ProjectTest.csproj", "{B52BEAA1-DE01-4B82-A219-AF914E77AF2D}"
EndProject
Global
	GlobalSection(SolutionConfigurationPlatforms) = preSolution
		Debug|Any CPU = Debug|Any CPU
		Release|Any CPU = Release|Any CPU
	EndGlobalSection
	GlobalSection(ProjectConfigurationPlatforms) = postSolution
		{B52BEAA1-DE01-4B82-A219-AF914E77AF2D}.Debug|Any CPU.ActiveCfg = Debug|Any CPU
		{B52BEAA1-DE01-4B82-A219-AF914E77AF2D}.Debug|Any CPU.Build.0 = Debug|Any CPU
		{B52BEAA1-DE01-4B82-A219-AF914E77AF2D}.Release|Any CPU.ActiveCfg = Release|Any CPU
		{B52BEAA1-DE01-4B82-A219-AF914E77AF2D}.Release|Any CPU.Build.0 = Release|Any CPU
	EndGlobalSection
	GlobalSection(SolutionProperties) = preSolution
		HideSolutionNode = FALSE
	EndGlobalSection
	GlobalSection(ExtensibilityGlobals) = postSolution
		SolutionGuid = {57842721-FE51-4D0E-84CC-AD77437E9A1F}
	EndGlobalSection
EndGlobal
